// !$*UTF8*$!
{
	archiveVersion = 1;
	classes = {
	};
	objectVersion = 50;
	objects = {

/* Begin PBXBuildFile section */
		E66DFAEE21F846A800E97818 /* main.swift in Sources */ = {isa = PBXBuildFile; fileRef = E66DFAED21F846A800E97818 /* main.swift */; };
		E66DFB0121F8560E00E97818 /* testHelloSwift.swift in Sources */ = {isa = PBXBuildFile; fileRef = E66DFB0021F8560E00E97818 /* testHelloSwift.swift */; };
/* End PBXBuildFile section */

/* Begin PBXCopyFilesBuildPhase section */
		E66DFAE821F846A800E97818 /* CopyFiles */ = {
			isa = PBXCopyFilesBuildPhase;
			buildActionMask = 2147483647;
			dstPath = /usr/share/man/man1/;
			dstSubfolderSpec = 0;
			files = (
			);
			runOnlyForDeploymentPostprocessing = 1;
		};
/* End PBXCopyFilesBuildPhase section */

/* Begin PBXFileReference section */
		E66DFAEA21F846A800E97818 /* helloswift */ = {isa = PBXFileReference; explicitFileType = "compiled.mach-o.executable"; includeInIndex = 0; path = helloswift; sourceTree = BUILT_PRODUCTS_DIR; };
		E66DFAED21F846A800E97818 /* main.swift */ = {isa = PBXFileReference; lastKnownFileType = sourcecode.swift; path = main.swift; sourceTree = "<group>"; };
		E66DFAF421F84A0B00E97818 /* README.md */ = {isa = PBXFileReference; lastKnownFileType = net.daringfireball.markdown; path = README.md; sourceTree = "<group>"; };
		E66DFAF521F84B5D00E97818 /* ip.playground */ = {isa = PBXFileReference; lastKnownFileType = file.playground; path = ip.playground; sourceTree = "<group>"; xcLanguageSpecificationIdentifier = xcode.lang.swift; };
		E66DFAF721F84BB300E97818 /* oop.playground */ = {isa = PBXFileReference; lastKnownFileType = file.playground; path = oop.playground; sourceTree = "<group>"; xcLanguageSpecificationIdentifier = xcode.lang.swift; };
		E66DFAF821F84BD400E97818 /* fp.playground */ = {isa = PBXFileReference; lastKnownFileType = file.playground; path = fp.playground; sourceTree = "<group>"; xcLanguageSpecificationIdentifier = xcode.lang.swift; };
		E66DFAF921F84C0400E97818 /* dsp.playground */ = {isa = PBXFileReference; lastKnownFileType = file.playground; path = dsp.playground; sourceTree = "<group>"; xcLanguageSpecificationIdentifier = xcode.lang.swift; };
		E66DFAFE21F8560E00E97818 /* testHelloSwift.xctest */ = {isa = PBXFileReference; explicitFileType = wrapper.cfbundle; includeInIndex = 0; path = testHelloSwift.xctest; sourceTree = BUILT_PRODUCTS_DIR; };
		E66DFB0021F8560E00E97818 /* testHelloSwift.swift */ = {isa = PBXFileReference; lastKnownFileType = sourcecode.swift; path = testHelloSwift.swift; sourceTree = "<group>"; };
		E66DFB0221F8560E00E97818 /* Info.plist */ = {isa = PBXFileReference; lastKnownFileType = text.plist.xml; path = Info.plist; sourceTree = "<group>"; };
		E6AD785A223C61C9006B2C91 /* task.playground */ = {isa = PBXFileReference; lastKnownFileType = file.playground; path = task.playground; sourceTree = "<group>"; xcLanguageSpecificationIdentifier = xcode.lang.swift; };
		E6D387972223DACD00BA629F /* Media.xcassets */ = {isa = PBXFileReference; lastKnownFileType = folder.assetcatalog; path = Media.xcassets; sourceTree = "<group>"; };
		E6D387982223DEB800BA629F /* workshop.playground */ = {isa = PBXFileReference; lastKnownFileType = file.playground; path = workshop.playground; sourceTree = "<group>"; xcLanguageSpecificationIdentifier = xcode.lang.swift; };
/* End PBXFileReference section */

/* Begin PBXFrameworksBuildPhase section */
		E66DFAE721F846A800E97818 /* Frameworks */ = {
			isa = PBXFrameworksBuildPhase;
			buildActionMask = 2147483647;
			files = (
			);
			runOnlyForDeploymentPostprocessing = 0;
		};
		E66DFAFB21F8560E00E97818 /* Frameworks */ = {
			isa = PBXFrameworksBuildPhase;
			buildActionMask = 2147483647;
			files = (
			);
			runOnlyForDeploymentPostprocessing = 0;
		};
/* End PBXFrameworksBuildPhase section */

/* Begin PBXGroup section */
		E66DFAE121F846A800E97818 = {
			isa = PBXGroup;
			children = (
				E6AD785A223C61C9006B2C91 /* task.playground */,
				E6D387972223DACD00BA629F /* Media.xcassets */,
				E66DFAF621F84B9000E97818 /* playgrounds */,
				E66DFAF421F84A0B00E97818 /* README.md */,
				E66DFAEC21F846A800E97818 /* helloswift */,
				E66DFAFF21F8560E00E97818 /* testHelloSwift */,
				E66DFAEB21F846A800E97818 /* Products */,
			);
			sourceTree = "<group>";
		};
		E66DFAEB21F846A800E97818 /* Products */ = {
			isa = PBXGroup;
			children = (
				E66DFAEA21F846A800E97818 /* helloswift */,
				E66DFAFE21F8560E00E97818 /* testHelloSwift.xctest */,
			);
			name = Products;
			sourceTree = "<group>";
		};
		E66DFAEC21F846A800E97818 /* helloswift */ = {
			isa = PBXGroup;
			children = (
				E66DFAED21F846A800E97818 /* main.swift */,
			);
			path = helloswift;
			sourceTree = "<group>";
		};
		E66DFAF621F84B9000E97818 /* playgrounds */ = {
			isa = PBXGroup;
			children = (
				E66DFAF521F84B5D00E97818 /* ip.playground */,
				E66DFAF721F84BB300E97818 /* oop.playground */,
				E66DFAF821F84BD400E97818 /* fp.playground */,
				E66DFAF921F84C0400E97818 /* dsp.playground */,
				E6D387982223DEB800BA629F /* workshop.playground */,
			);
			path = playgrounds;
			sourceTree = "<group>";
		};
		E66DFAFF21F8560E00E97818 /* testHelloSwift */ = {
			isa = PBXGroup;
			children = (
				E66DFB0021F8560E00E97818 /* testHelloSwift.swift */,
				E66DFB0221F8560E00E97818 /* Info.plist */,
			);
			path = testHelloSwift;
			sourceTree = "<group>";
		};
/* End PBXGroup section */

/* Begin PBXNativeTarget section */
		E66DFAE921F846A800E97818 /* helloswift */ = {
			isa = PBXNativeTarget;
			buildConfigurationList = E66DFAF121F846A800E97818 /* Build configuration list for PBXNativeTarget "helloswift" */;
			buildPhases = (
				E66DFAE621F846A800E97818 /* Sources */,
				E66DFAE721F846A800E97818 /* Frameworks */,
				E66DFAE821F846A800E97818 /* CopyFiles */,
			);
			buildRules = (
			);
			dependencies = (
			);
			name = helloswift;
			productName = helloswift;
			productReference = E66DFAEA21F846A800E97818 /* helloswift */;
			productType = "com.apple.product-type.tool";
		};
		E66DFAFD21F8560E00E97818 /* testHelloSwift */ = {
			isa = PBXNativeTarget;
			buildConfigurationList = E66DFB0321F8560E00E97818 /* Build configuration list for PBXNativeTarget "testHelloSwift" */;
			buildPhases = (
				E66DFAFA21F8560E00E97818 /* Sources */,
				E66DFAFB21F8560E00E97818 /* Frameworks */,
				E66DFAFC21F8560E00E97818 /* Resources */,
			);
			buildRules = (
			);
			dependencies = (
			);
			name = testHelloSwift;
			productName = testHelloSwift;
			productReference = E66DFAFE21F8560E00E97818 /* testHelloSwift.xctest */;
			productType = "com.apple.product-type.bundle.unit-test";
		};
/* End PBXNativeTarget section */

/* Begin PBXProject section */
		E66DFAE221F846A800E97818 /* Project object */ = {
			isa = PBXProject;
			attributes = {
				LastSwiftUpdateCheck = 1010;
				LastUpgradeCheck = 1010;
				ORGANIZATIONNAME = "Isuru Rajapakse";
				TargetAttributes = {
					E66DFAE921F846A800E97818 = {
						CreatedOnToolsVersion = 10.1;
					};
					E66DFAFD21F8560E00E97818 = {
						CreatedOnToolsVersion = 10.1;
					};
				};
			};
			buildConfigurationList = E66DFAE521F846A800E97818 /* Build configuration list for PBXProject "helloswift" */;
			compatibilityVersion = "Xcode 9.3";
			developmentRegion = en;
			hasScannedForEncodings = 0;
			knownRegions = (
				en,
			);
			mainGroup = E66DFAE121F846A800E97818;
			productRefGroup = E66DFAEB21F846A800E97818 /* Products */;
			projectDirPath = "";
			projectRoot = "";
			targets = (
				E66DFAE921F846A800E97818 /* helloswift */,
				E66DFAFD21F8560E00E97818 /* testHelloSwift */,
			);
		};
/* End PBXProject section */

/* Begin PBXResourcesBuildPhase section */
		E66DFAFC21F8560E00E97818 /* Resources */ = {
			isa = PBXResourcesBuildPhase;
			buildActionMask = 2147483647;
			files = (
			);
			runOnlyForDeploymentPostprocessing = 0;
		};
/* End PBXResourcesBuildPhase section */

/* Begin PBXSourcesBuildPhase section */
		E66DFAE621F846A800E97818 /* Sources */ = {
			isa = PBXSourcesBuildPhase;
			buildActionMask = 2147483647;
			files = (
				E66DFAEE21F846A800E97818 /* main.swift in Sources */,
			);
			runOnlyForDeploymentPostprocessing = 0;
		};
		E66DFAFA21F8560E00E97818 /* Sources */ = {
			isa = PBXSourcesBuildPhase;
			buildActionMask = 2147483647;
			files = (
				E66DFB0121F8560E00E97818 /* testHelloSwift.swift in Sources */,
			);
			runOnlyForDeploymentPostprocessing = 0;
		};
/* End PBXSourcesBuildPhase section */

/* Begin XCBuildConfiguration section */
		E66DFAEF21F846A800E97818 /* Debug */ = {
			isa = XCBuildConfiguration;
			buildSettings = {
				ALWAYS_SEARCH_USER_PATHS = NO;
				CLANG_ANALYZER_NONNULL = YES;
				CLANG_ANALYZER_NUMBER_OBJECT_CONVERSION = YES_AGGRESSIVE;
				CLANG_CXX_LANGUAGE_STANDARD = "gnu++14";
				CLANG_CXX_LIBRARY = "libc++";
				CLANG_ENABLE_MODULES = YES;
				CLANG_ENABLE_OBJC_ARC = YES;
				CLANG_ENABLE_OBJC_WEAK = YES;
				CLANG_WARN_BLOCK_CAPTURE_AUTORELEASING = YES;
				CLANG_WARN_BOOL_CONVERSION = YES;
				CLANG_WARN_COMMA = YES;
				CLANG_WARN_CONSTANT_CONVERSION = YES;
				CLANG_WARN_DEPRECATED_OBJC_IMPLEMENTATIONS = YES;
				CLANG_WARN_DIRECT_OBJC_ISA_USAGE = YES_ERROR;
				CLANG_WARN_DOCUMENTATION_COMMENTS = YES;
				CLANG_WARN_EMPTY_BODY = YES;
				CLANG_WARN_ENUM_CONVERSION = YES;
				CLANG_WARN_INFINITE_RECURSION = YES;
				CLANG_WARN_INT_CONVERSION = YES;
				CLANG_WARN_NON_LITERAL_NULL_CONVERSION = YES;
				CLANG_WARN_OBJC_IMPLICIT_RETAIN_SELF = YES;
				CLANG_WARN_OBJC_LITERAL_CONVERSION = YES;
				CLANG_WARN_OBJC_ROOT_CLASS = YES_ERROR;
				CLANG_WARN_RANGE_LOOP_ANALYSIS = YES;
				CLANG_WARN_STRICT_PROTOTYPES = YES;
				CLANG_WARN_SUSPICIOUS_MOVE = YES;
				CLANG_WARN_UNGUARDED_AVAILABILITY = YES_AGGRESSIVE;
				CLANG_WARN_UNREACHABLE_CODE = YES;
				CLANG_WARN__DUPLICATE_METHOD_MATCH = YES;
				CODE_SIGN_IDENTITY = "Mac Developer";
				COPY_PHASE_STRIP = NO;
				DEBUG_INFORMATION_FORMAT = dwarf;
				ENABLE_STRICT_OBJC_MSGSEND = YES;
				ENABLE_TESTABILITY = YES;
				GCC_C_LANGUAGE_STANDARD = gnu11;
				GCC_DYNAMIC_NO_PIC = NO;
				GCC_NO_COMMON_BLOCKS = YES;
				GCC_OPTIMIZATION_LEVEL = 0;
				GCC_PREPROCESSOR_DEFINITIONS = (
					"DEBUG=1",
					"$(inherited)",
				);
				GCC_WARN_64_TO_32_BIT_CONVERSION = YES;
				GCC_WARN_ABOUT_RETURN_TYPE = YES_ERROR;
				GCC_WARN_UNDECLARED_SELECTOR = YES;
				GCC_WARN_UNINITIALIZED_AUTOS = YES_AGGRESSIVE;
				GCC_WARN_UNUSED_FUNCTION = YES;
				GCC_WARN_UNUSED_VARIABLE = YES;
				MACOSX_DEPLOYMENT_TARGET = 10.14;
				MTL_ENABLE_DEBUG_INFO = INCLUDE_SOURCE;
				MTL_FAST_MATH = YES;
				ONLY_ACTIVE_ARCH = YES;
				SDKROOT = macosx;
				SWIFT_ACTIVE_COMPILATION_CONDITIONS = DEBUG;
				SWIFT_OPTIMIZATION_LEVEL = "-Onone";
			};
			name = Debug;
		};
		E66DFAF021F846A800E97818 /* Release */ = {
			isa = XCBuildConfiguration;
			buildSettings = {
				ALWAYS_SEARCH_USER_PATHS = NO;
				CLANG_ANALYZER_NONNULL = YES;
				CLANG_ANALYZER_NUMBER_OBJECT_CONVERSION = YES_AGGRESSIVE;
				CLANG_CXX_LANGUAGE_STANDARD = "gnu++14";
				CLANG_CXX_LIBRARY = "libc++";
				CLANG_ENABLE_MODULES = YES;
				CLANG_ENABLE_OBJC_ARC = YES;
				CLANG_ENABLE_OBJC_WEAK = YES;
				CLANG_WARN_BLOCK_CAPTURE_AUTORELEASING = YES;
				CLANG_WARN_BOOL_CONVERSION = YES;
				CLANG_WARN_COMMA = YES;
				CLANG_WARN_CONSTANT_CONVERSION = YES;
				CLANG_WARN_DEPRECATED_OBJC_IMPLEMENTATIONS = YES;
				CLANG_WARN_DIRECT_OBJC_ISA_USAGE = YES_ERROR;
				CLANG_WARN_DOCUMENTATION_COMMENTS = YES;
				CLANG_WARN_EMPTY_BODY = YES;
				CLANG_WARN_ENUM_CONVERSION = YES;
				CLANG_WARN_INFINITE_RECURSION = YES;
				CLANG_WARN_INT_CONVERSION = YES;
				CLANG_WARN_NON_LITERAL_NULL_CONVERSION = YES;
				CLANG_WARN_OBJC_IMPLICIT_RETAIN_SELF = YES;
				CLANG_WARN_OBJC_LITERAL_CONVERSION = YES;
				CLANG_WARN_OBJC_ROOT_CLASS = YES_ERROR;
				CLANG_WARN_RANGE_LOOP_ANALYSIS = YES;
				CLANG_WARN_STRICT_PROTOTYPES = YES;
				CLANG_WARN_SUSPICIOUS_MOVE = YES;
				CLANG_WARN_UNGUARDED_AVAILABILITY = YES_AGGRESSIVE;
				CLANG_WARN_UNREACHABLE_CODE = YES;
				CLANG_WARN__DUPLICATE_METHOD_MATCH = YES;
				CODE_SIGN_IDENTITY = "Mac Developer";
				COPY_PHASE_STRIP = NO;
				DEBUG_INFORMATION_FORMAT = "dwarf-with-dsym";
				ENABLE_NS_ASSERTIONS = NO;
				ENABLE_STRICT_OBJC_MSGSEND = YES;
				GCC_C_LANGUAGE_STANDARD = gnu11;
				GCC_NO_COMMON_BLOCKS = YES;
				GCC_WARN_64_TO_32_BIT_CONVERSION = YES;
				GCC_WARN_ABOUT_RETURN_TYPE = YES_ERROR;
				GCC_WARN_UNDECLARED_SELECTOR = YES;
				GCC_WARN_UNINITIALIZED_AUTOS = YES_AGGRESSIVE;
				GCC_WARN_UNUSED_FUNCTION = YES;
				GCC_WARN_UNUSED_VARIABLE = YES;
				MACOSX_DEPLOYMENT_TARGET = 10.14;
				MTL_ENABLE_DEBUG_INFO = NO;
				MTL_FAST_MATH = YES;
				SDKROOT = macosx;
				SWIFT_COMPILATION_MODE = wholemodule;
				SWIFT_OPTIMIZATION_LEVEL = "-O";
			};
			name = Release;
		};
		E66DFAF221F846A800E97818 /* Debug */ = {
			isa = XCBuildConfiguration;
			buildSettings = {
				CODE_SIGN_STYLE = Automatic;
				DEVELOPMENT_TEAM = TE85U5UVV5;
				PRODUCT_NAME = "$(TARGET_NAME)";
				SWIFT_VERSION = 4.2;
			};
			name = Debug;
		};
		E66DFAF321F846A800E97818 /* Release */ = {
			isa = XCBuildConfiguration;
			buildSettings = {
				CODE_SIGN_STYLE = Automatic;
				DEVELOPMENT_TEAM = TE85U5UVV5;
				PRODUCT_NAME = "$(TARGET_NAME)";
				SWIFT_VERSION = 4.2;
			};
			name = Release;
		};
		E66DFB0421F8560E00E97818 /* Debug */ = {
			isa = XCBuildConfiguration;
			buildSettings = {
				CODE_SIGN_STYLE = Automatic;
				COMBINE_HIDPI_IMAGES = YES;
				DEVELOPMENT_TEAM = TE85U5UVV5;
				INFOPLIST_FILE = testHelloSwift/Info.plist;
				LD_RUNPATH_SEARCH_PATHS = (
					"$(inherited)",
					"@executable_path/../Frameworks",
					"@loader_path/../Frameworks",
				);
				PRODUCT_BUNDLE_IDENTIFIER = com.xfastgames.testHelloSwift;
				PRODUCT_NAME = "$(TARGET_NAME)";
				SWIFT_VERSION = 4.2;
			};
			name = Debug;
		};
		E66DFB0521F8560E00E97818 /* Release */ = {
			isa = XCBuildConfiguration;
			buildSettings = {
				CODE_SIGN_STYLE = Automatic;
				COMBINE_HIDPI_IMAGES = YES;
				DEVELOPMENT_TEAM = TE85U5UVV5;
				INFOPLIST_FILE = testHelloSwift/Info.plist;
				LD_RUNPATH_SEARCH_PATHS = (
					"$(inherited)",
					"@executable_path/../Frameworks",
					"@loader_path/../Frameworks",
				);
				PRODUCT_BUNDLE_IDENTIFIER = com.xfastgames.testHelloSwift;
				PRODUCT_NAME = "$(TARGET_NAME)";
				SWIFT_VERSION = 4.2;
			};
			name = Release;
		};
/* End XCBuildConfiguration section */

/* Begin XCConfigurationList section */
		E66DFAE521F846A800E97818 /* Build configuration list for PBXProject "helloswift" */ = {
			isa = XCConfigurationList;
			buildConfigurations = (
				E66DFAEF21F846A800E97818 /* Debug */,
				E66DFAF021F846A800E97818 /* Release */,
			);
			defaultConfigurationIsVisible = 0;
			defaultConfigurationName = Release;
		};
		E66DFAF121F846A800E97818 /* Build configuration list for PBXNativeTarget "helloswift" */ = {
			isa = XCConfigurationList;
			buildConfigurations = (
				E66DFAF221F846A800E97818 /* Debug */,
				E66DFAF321F846A800E97818 /* Release */,
			);
			defaultConfigurationIsVisible = 0;
			defaultConfigurationName = Release;
		};
		E66DFB0321F8560E00E97818 /* Build configuration list for PBXNativeTarget "testHelloSwift" */ = {
			isa = XCConfigurationList;
			buildConfigurations = (
				E66DFB0421F8560E00E97818 /* Debug */,
				E66DFB0521F8560E00E97818 /* Release */,
			);
			defaultConfigurationIsVisible = 0;
			defaultConfigurationName = Release;
		};
/* End XCConfigurationList section */
	};
	rootObject = E66DFAE221F846A800E97818 /* Project object */;
}
